// !$*UTF8*$!
{
	archiveVersion = 1;
	classes = {
	};
	objectVersion = 46;
	objects = {

/* Begin PBXBuildFile section */
		1D3623260D0F684500981E51 /* HeartBeatPortAppDelegate.m in Sources */ = {isa = PBXBuildFile; fileRef = 1D3623250D0F684500981E51 /* HeartBeatPortAppDelegate.m */; };
		1D60589B0D05DD56006BFB54 /* main.m in Sources */ = {isa = PBXBuildFile; fileRef = 29B97316FDCFA39411CA2CEA /* main.m */; };
		1D60589F0D05DD5A006BFB54 /* Foundation.framework in Frameworks */ = {isa = PBXBuildFile; fileRef = 1D30AB110D05D00D00671497 /* Foundation.framework */; };
		1DF5F4E00D08C38300B7A737 /* UIKit.framework in Frameworks */ = {isa = PBXBuildFile; fileRef = 1DF5F4DF0D08C38300B7A737 /* UIKit.framework */; };
		2892E4100DC94CBA00A64D0F /* CoreGraphics.framework in Frameworks */ = {isa = PBXBuildFile; fileRef = 2892E40F0DC94CBA00A64D0F /* CoreGraphics.framework */; };
		28AD73600D9D9599002E5188 /* MainWindow.xib in Resources */ = {isa = PBXBuildFile; fileRef = 28AD735F0D9D9599002E5188 /* MainWindow.xib */; };
		28C286E10D94DF7D0034E888 /* RootViewController.m in Sources */ = {isa = PBXBuildFile; fileRef = 28C286E00D94DF7D0034E888 /* RootViewController.m */; };
		28F335F11007B36200424DE2 /* RootViewController.xib in Resources */ = {isa = PBXBuildFile; fileRef = 28F335F01007B36200424DE2 /* RootViewController.xib */; };
		BC06E0201375F2490007E46C /* Rdio.framework in Frameworks */ = {isa = PBXBuildFile; fileRef = BC06E01F1375F2490007E46C /* Rdio.framework */; };
		BC06E0341375F2CF0007E46C /* AudioToolbox.framework in Frameworks */ = {isa = PBXBuildFile; fileRef = BC06E0331375F2CF0007E46C /* AudioToolbox.framework */; };
		BC06E0361375F2CF0007E46C /* CFNetwork.framework in Frameworks */ = {isa = PBXBuildFile; fileRef = BC06E0351375F2CF0007E46C /* CFNetwork.framework */; };
		BC06E0381375F2CF0007E46C /* Security.framework in Frameworks */ = {isa = PBXBuildFile; fileRef = BC06E0371375F2CF0007E46C /* Security.framework */; };
		BC06E03A1375F2CF0007E46C /* SystemConfiguration.framework in Frameworks */ = {isa = PBXBuildFile; fileRef = BC06E0391375F2CF0007E46C /* SystemConfiguration.framework */; };
		BC06E0A31376417A0007E46C /* HBUserViewController.m in Sources */ = {isa = PBXBuildFile; fileRef = BC06E0A11376417A0007E46C /* HBUserViewController.m */; };
		BC06E0A41376417A0007E46C /* HBUserViewController.xib in Resources */ = {isa = PBXBuildFile; fileRef = BC06E0A21376417A0007E46C /* HBUserViewController.xib */; };
		BC06E0DF13772ACB0007E46C /* map.png in Resources */ = {isa = PBXBuildFile; fileRef = BC06E0DE13772ACB0007E46C /* map.png */; };
		BC06E105137730B70007E46C /* HBMessageViewController.m in Sources */ = {isa = PBXBuildFile; fileRef = BC06E103137730B70007E46C /* HBMessageViewController.m */; };
		BC06E106137730B70007E46C /* HBMessageViewController.xib in Resources */ = {isa = PBXBuildFile; fileRef = BC06E104137730B70007E46C /* HBMessageViewController.xib */; };
		BC06E109137731830007E46C /* song_bar_load.png in Resources */ = {isa = PBXBuildFile; fileRef = BC06E108137731830007E46C /* song_bar_load.png */; };
		BC06E183137744100007E46C /* loading_screen.png in Resources */ = {isa = PBXBuildFile; fileRef = BC06E182137744100007E46C /* loading_screen.png */; };
		EF1ACF2813774037004D135F /* NSArray+Extensions.m in Sources */ = {isa = PBXBuildFile; fileRef = EF1ACF2713774037004D135F /* NSArray+Extensions.m */; };
		EF1ACFBE137747DA004D135F /* Icon.png in Resources */ = {isa = PBXBuildFile; fileRef = EF1ACFBD137747DA004D135F /* Icon.png */; };
		EF982C261375F6B6009B4B28 /* HBHomeViewController.m in Sources */ = {isa = PBXBuildFile; fileRef = EF982C241375F6B6009B4B28 /* HBHomeViewController.m */; };
		EF982C271375F6B6009B4B28 /* HBHomeViewController.xib in Resources */ = {isa = PBXBuildFile; fileRef = EF982C251375F6B6009B4B28 /* HBHomeViewController.xib */; };
		EF982C371375F962009B4B28 /* dummyUser.jpg in Resources */ = {isa = PBXBuildFile; fileRef = EF982C361375F962009B4B28 /* dummyUser.jpg */; };
		EF982C3D1375F97F009B4B28 /* HBLoginViewController.m in Sources */ = {isa = PBXBuildFile; fileRef = EF982C3B1375F97F009B4B28 /* HBLoginViewController.m */; };
		EF982C3E1375F97F009B4B28 /* HBLoginViewController.xib in Resources */ = {isa = PBXBuildFile; fileRef = EF982C3C1375F97F009B4B28 /* HBLoginViewController.xib */; };
		EF982C5113760009009B4B28 /* HBUser.m in Sources */ = {isa = PBXBuildFile; fileRef = EF982C5013760009009B4B28 /* HBUser.m */; };
		EF982C9A13760596009B4B28 /* HBArtistMatcher.m in Sources */ = {isa = PBXBuildFile; fileRef = EF982C9913760596009B4B28 /* HBArtistMatcher.m */; };
		EF982CC313760858009B4B28 /* RdioService.m in Sources */ = {isa = PBXBuildFile; fileRef = EF982CC213760858009B4B28 /* RdioService.m */; };
/* End PBXBuildFile section */

/* Begin PBXFileReference section */
		1D30AB110D05D00D00671497 /* Foundation.framework */ = {isa = PBXFileReference; lastKnownFileType = wrapper.framework; name = Foundation.framework; path = System/Library/Frameworks/Foundation.framework; sourceTree = SDKROOT; };
		1D3623240D0F684500981E51 /* HeartBeatPortAppDelegate.h */ = {isa = PBXFileReference; fileEncoding = 4; lastKnownFileType = sourcecode.c.h; path = HeartBeatPortAppDelegate.h; sourceTree = "<group>"; };
		1D3623250D0F684500981E51 /* HeartBeatPortAppDelegate.m */ = {isa = PBXFileReference; fileEncoding = 4; lastKnownFileType = sourcecode.c.objc; path = HeartBeatPortAppDelegate.m; sourceTree = "<group>"; };
		1D6058910D05DD3D006BFB54 /* HeartBeatPort.app */ = {isa = PBXFileReference; explicitFileType = wrapper.application; includeInIndex = 0; path = HeartBeatPort.app; sourceTree = BUILT_PRODUCTS_DIR; };
		1DF5F4DF0D08C38300B7A737 /* UIKit.framework */ = {isa = PBXFileReference; lastKnownFileType = wrapper.framework; name = UIKit.framework; path = System/Library/Frameworks/UIKit.framework; sourceTree = SDKROOT; };
		2892E40F0DC94CBA00A64D0F /* CoreGraphics.framework */ = {isa = PBXFileReference; lastKnownFileType = wrapper.framework; name = CoreGraphics.framework; path = System/Library/Frameworks/CoreGraphics.framework; sourceTree = SDKROOT; };
		28A0AAE50D9B0CCF005BE974 /* HeartBeatPort_Prefix.pch */ = {isa = PBXFileReference; fileEncoding = 4; lastKnownFileType = sourcecode.c.h; path = HeartBeatPort_Prefix.pch; sourceTree = "<group>"; };
		28AD735F0D9D9599002E5188 /* MainWindow.xib */ = {isa = PBXFileReference; lastKnownFileType = file.xib; path = MainWindow.xib; sourceTree = "<group>"; };
		28C286DF0D94DF7D0034E888 /* RootViewController.h */ = {isa = PBXFileReference; fileEncoding = 4; lastKnownFileType = sourcecode.c.h; path = RootViewController.h; sourceTree = "<group>"; };
		28C286E00D94DF7D0034E888 /* RootViewController.m */ = {isa = PBXFileReference; fileEncoding = 4; lastKnownFileType = sourcecode.c.objc; path = RootViewController.m; sourceTree = "<group>"; };
		28F335F01007B36200424DE2 /* RootViewController.xib */ = {isa = PBXFileReference; lastKnownFileType = file.xib; path = RootViewController.xib; sourceTree = "<group>"; };
		29B97316FDCFA39411CA2CEA /* main.m */ = {isa = PBXFileReference; fileEncoding = 4; lastKnownFileType = sourcecode.c.objc; path = main.m; sourceTree = "<group>"; };
		8D1107310486CEB800E47090 /* HeartBeatPort-Info.plist */ = {isa = PBXFileReference; fileEncoding = 4; lastKnownFileType = text.plist.xml; path = "HeartBeatPort-Info.plist"; plistStructureDefinitionIdentifier = "com.apple.xcode.plist.structure-definition.iphone.info-plist"; sourceTree = "<group>"; };
		BC06E01F1375F2490007E46C /* Rdio.framework */ = {isa = PBXFileReference; lastKnownFileType = wrapper.framework; path = Rdio.framework; sourceTree = "<group>"; };
		BC06E0331375F2CF0007E46C /* AudioToolbox.framework */ = {isa = PBXFileReference; lastKnownFileType = wrapper.framework; name = AudioToolbox.framework; path = System/Library/Frameworks/AudioToolbox.framework; sourceTree = SDKROOT; };
		BC06E0351375F2CF0007E46C /* CFNetwork.framework */ = {isa = PBXFileReference; lastKnownFileType = wrapper.framework; name = CFNetwork.framework; path = System/Library/Frameworks/CFNetwork.framework; sourceTree = SDKROOT; };
		BC06E0371375F2CF0007E46C /* Security.framework */ = {isa = PBXFileReference; lastKnownFileType = wrapper.framework; name = Security.framework; path = System/Library/Frameworks/Security.framework; sourceTree = SDKROOT; };
		BC06E0391375F2CF0007E46C /* SystemConfiguration.framework */ = {isa = PBXFileReference; lastKnownFileType = wrapper.framework; name = SystemConfiguration.framework; path = System/Library/Frameworks/SystemConfiguration.framework; sourceTree = SDKROOT; };
		BC06E0A01376417A0007E46C /* HBUserViewController.h */ = {isa = PBXFileReference; fileEncoding = 4; lastKnownFileType = sourcecode.c.h; path = HBUserViewController.h; sourceTree = "<group>"; };
		BC06E0A11376417A0007E46C /* HBUserViewController.m */ = {isa = PBXFileReference; fileEncoding = 4; lastKnownFileType = sourcecode.c.objc; path = HBUserViewController.m; sourceTree = "<group>"; };
		BC06E0A21376417A0007E46C /* HBUserViewController.xib */ = {isa = PBXFileReference; lastKnownFileType = file.xib; path = HBUserViewController.xib; sourceTree = "<group>"; };
		BC06E0DE13772ACB0007E46C /* map.png */ = {isa = PBXFileReference; lastKnownFileType = image.png; path = map.png; sourceTree = "<group>"; };
		BC06E102137730B70007E46C /* HBMessageViewController.h */ = {isa = PBXFileReference; fileEncoding = 4; lastKnownFileType = sourcecode.c.h; path = HBMessageViewController.h; sourceTree = "<group>"; };
		BC06E103137730B70007E46C /* HBMessageViewController.m */ = {isa = PBXFileReference; fileEncoding = 4; lastKnownFileType = sourcecode.c.objc; path = HBMessageViewController.m; sourceTree = "<group>"; };
		BC06E104137730B70007E46C /* HBMessageViewController.xib */ = {isa = PBXFileReference; lastKnownFileType = file.xib; path = HBMessageViewController.xib; sourceTree = "<group>"; };
		BC06E108137731830007E46C /* song_bar_load.png */ = {isa = PBXFileReference; lastKnownFileType = image.png; name = song_bar_load.png; path = Designs/Images/song_bar_load.png; sourceTree = "<group>"; };
		BC06E182137744100007E46C /* loading_screen.png */ = {isa = PBXFileReference; lastKnownFileType = image.png; name = loading_screen.png; path = Designs/Images/loading_screen.png; sourceTree = "<group>"; };
		EF1ACF2613774037004D135F /* NSArray+Extensions.h */ = {isa = PBXFileReference; fileEncoding = 4; lastKnownFileType = sourcecode.c.h; path = "NSArray+Extensions.h"; sourceTree = "<group>"; };
		EF1ACF2713774037004D135F /* NSArray+Extensions.m */ = {isa = PBXFileReference; fileEncoding = 4; lastKnownFileType = sourcecode.c.objc; path = "NSArray+Extensions.m"; sourceTree = "<group>"; };
		EF1ACFBD137747DA004D135F /* Icon.png */ = {isa = PBXFileReference; lastKnownFileType = image.png; name = Icon.png; path = Resources/Icon.png; sourceTree = "<group>"; };
		EF982C231375F6B6009B4B28 /* HBHomeViewController.h */ = {isa = PBXFileReference; fileEncoding = 4; lastKnownFileType = sourcecode.c.h; path = HBHomeViewController.h; sourceTree = "<group>"; };
		EF982C241375F6B6009B4B28 /* HBHomeViewController.m */ = {isa = PBXFileReference; fileEncoding = 4; lastKnownFileType = sourcecode.c.objc; path = HBHomeViewController.m; sourceTree = "<group>"; };
		EF982C251375F6B6009B4B28 /* HBHomeViewController.xib */ = {isa = PBXFileReference; lastKnownFileType = file.xib; path = HBHomeViewController.xib; sourceTree = "<group>"; };
		EF982C361375F962009B4B28 /* dummyUser.jpg */ = {isa = PBXFileReference; lastKnownFileType = image.jpeg; name = dummyUser.jpg; path = Resources/dummyUser.jpg; sourceTree = "<group>"; };
		EF982C3A1375F97F009B4B28 /* HBLoginViewController.h */ = {isa = PBXFileReference; fileEncoding = 4; lastKnownFileType = sourcecode.c.h; path = HBLoginViewController.h; sourceTree = "<group>"; };
		EF982C3B1375F97F009B4B28 /* HBLoginViewController.m */ = {isa = PBXFileReference; fileEncoding = 4; lastKnownFileType = sourcecode.c.objc; path = HBLoginViewController.m; sourceTree = "<group>"; };
		EF982C3C1375F97F009B4B28 /* HBLoginViewController.xib */ = {isa = PBXFileReference; lastKnownFileType = file.xib; path = HBLoginViewController.xib; sourceTree = "<group>"; };
		EF982C4C1375FF73009B4B28 /* HBMatcherProtocol.h */ = {isa = PBXFileReference; fileEncoding = 4; lastKnownFileType = sourcecode.c.h; path = HBMatcherProtocol.h; sourceTree = "<group>"; };
		EF982C4F13760009009B4B28 /* HBUser.h */ = {isa = PBXFileReference; fileEncoding = 4; lastKnownFileType = sourcecode.c.h; path = HBUser.h; sourceTree = "<group>"; };
		EF982C5013760009009B4B28 /* HBUser.m */ = {isa = PBXFileReference; fileEncoding = 4; lastKnownFileType = sourcecode.c.objc; path = HBUser.m; sourceTree = "<group>"; };
		EF982C95137603FC009B4B28 /* HBServiceProtocol.h */ = {isa = PBXFileReference; fileEncoding = 4; lastKnownFileType = sourcecode.c.h; path = HBServiceProtocol.h; sourceTree = "<group>"; };
		EF982C9813760596009B4B28 /* HBArtistMatcher.h */ = {isa = PBXFileReference; fileEncoding = 4; lastKnownFileType = sourcecode.c.h; path = HBArtistMatcher.h; sourceTree = "<group>"; };
		EF982C9913760596009B4B28 /* HBArtistMatcher.m */ = {isa = PBXFileReference; fileEncoding = 4; lastKnownFileType = sourcecode.c.objc; path = HBArtistMatcher.m; sourceTree = "<group>"; };
		EF982CC113760858009B4B28 /* RdioService.h */ = {isa = PBXFileReference; fileEncoding = 4; lastKnownFileType = sourcecode.c.h; path = RdioService.h; sourceTree = "<group>"; };
		EF982CC213760858009B4B28 /* RdioService.m */ = {isa = PBXFileReference; fileEncoding = 4; lastKnownFileType = sourcecode.c.objc; path = RdioService.m; sourceTree = "<group>"; };
/* End PBXFileReference section */

/* Begin PBXFrameworksBuildPhase section */
		1D60588F0D05DD3D006BFB54 /* Frameworks */ = {
			isa = PBXFrameworksBuildPhase;
			buildActionMask = 2147483647;
			files = (
				1D60589F0D05DD5A006BFB54 /* Foundation.framework in Frameworks */,
				1DF5F4E00D08C38300B7A737 /* UIKit.framework in Frameworks */,
				2892E4100DC94CBA00A64D0F /* CoreGraphics.framework in Frameworks */,
				BC06E0201375F2490007E46C /* Rdio.framework in Frameworks */,
				BC06E0341375F2CF0007E46C /* AudioToolbox.framework in Frameworks */,
				BC06E0361375F2CF0007E46C /* CFNetwork.framework in Frameworks */,
				BC06E0381375F2CF0007E46C /* Security.framework in Frameworks */,
				BC06E03A1375F2CF0007E46C /* SystemConfiguration.framework in Frameworks */,
			);
			runOnlyForDeploymentPostprocessing = 0;
		};
/* End PBXFrameworksBuildPhase section */

/* Begin PBXGroup section */
		080E96DDFE201D6D7F000001 /* Classes */ = {
			isa = PBXGroup;
			children = (
				EF1ACF2613774037004D135F /* NSArray+Extensions.h */,
				EF1ACF2713774037004D135F /* NSArray+Extensions.m */,
				BC06E102137730B70007E46C /* HBMessageViewController.h */,
				BC06E103137730B70007E46C /* HBMessageViewController.m */,
				BC06E104137730B70007E46C /* HBMessageViewController.xib */,
				EF982C231375F6B6009B4B28 /* HBHomeViewController.h */,
				EF982C241375F6B6009B4B28 /* HBHomeViewController.m */,
				EF982C251375F6B6009B4B28 /* HBHomeViewController.xib */,
				BC06E0A01376417A0007E46C /* HBUserViewController.h */,
				BC06E0A11376417A0007E46C /* HBUserViewController.m */,
				BC06E0A21376417A0007E46C /* HBUserViewController.xib */,
				EF982C9F1376069F009B4B28 /* ViewControllers */,
				EF982C9E13760695009B4B28 /* User */,
				EF982C9C13760674009B4B28 /* Matching */,
				EF982CA1137606B9009B4B28 /* Service */,
				EF982CBC13760824009B4B28 /* RdioService */,
				1D3623240D0F684500981E51 /* HeartBeatPortAppDelegate.h */,
				1D3623250D0F684500981E51 /* HeartBeatPortAppDelegate.m */,
			);
			path = Classes;
			sourceTree = "<group>";
		};
		19C28FACFE9D520D11CA2CBB /* Products */ = {
			isa = PBXGroup;
			children = (
				1D6058910D05DD3D006BFB54 /* HeartBeatPort.app */,
			);
			name = Products;
			sourceTree = "<group>";
		};
		29B97314FDCFA39411CA2CEA /* CustomTemplate */ = {
			isa = PBXGroup;
			children = (
				080E96DDFE201D6D7F000001 /* Classes */,
				EF982CA0137606AD009B4B28 /* Obselete */,
				29B97315FDCFA39411CA2CEA /* Other Sources */,
				29B97317FDCFA39411CA2CEA /* Resources */,
				29B97323FDCFA39411CA2CEA /* Frameworks */,
				19C28FACFE9D520D11CA2CBB /* Products */,
			);
			name = CustomTemplate;
			sourceTree = "<group>";
		};
		29B97315FDCFA39411CA2CEA /* Other Sources */ = {
			isa = PBXGroup;
			children = (
				28A0AAE50D9B0CCF005BE974 /* HeartBeatPort_Prefix.pch */,
				29B97316FDCFA39411CA2CEA /* main.m */,
			);
			name = "Other Sources";
			sourceTree = "<group>";
		};
		29B97317FDCFA39411CA2CEA /* Resources */ = {
			isa = PBXGroup;
			children = (
				EF1ACFBD137747DA004D135F /* Icon.png */,
				BC06E182137744100007E46C /* loading_screen.png */,
				BC06E0DE13772ACB0007E46C /* map.png */,
				BC06E108137731830007E46C /* song_bar_load.png */,
				EF982C361375F962009B4B28 /* dummyUser.jpg */,
				28F335F01007B36200424DE2 /* RootViewController.xib */,
				28AD735F0D9D9599002E5188 /* MainWindow.xib */,
				8D1107310486CEB800E47090 /* HeartBeatPort-Info.plist */,
			);
			name = Resources;
			sourceTree = "<group>";
		};
		29B97323FDCFA39411CA2CEA /* Frameworks */ = {
			isa = PBXGroup;
			children = (
				BC06E01F1375F2490007E46C /* Rdio.framework */,
				1DF5F4DF0D08C38300B7A737 /* UIKit.framework */,
				1D30AB110D05D00D00671497 /* Foundation.framework */,
				2892E40F0DC94CBA00A64D0F /* CoreGraphics.framework */,
				BC06E0331375F2CF0007E46C /* AudioToolbox.framework */,
				BC06E0351375F2CF0007E46C /* CFNetwork.framework */,
				BC06E0371375F2CF0007E46C /* Security.framework */,
				BC06E0391375F2CF0007E46C /* SystemConfiguration.framework */,
			);
			name = Frameworks;
			sourceTree = "<group>";
		};
		EF982C9C13760674009B4B28 /* Matching */ = {
			isa = PBXGroup;
			children = (
				EF982C4C1375FF73009B4B28 /* HBMatcherProtocol.h */,
				EF982C9813760596009B4B28 /* HBArtistMatcher.h */,
				EF982C9913760596009B4B28 /* HBArtistMatcher.m */,
			);
			name = Matching;
			sourceTree = "<group>";
		};
		EF982C9E13760695009B4B28 /* User */ = {
			isa = PBXGroup;
			children = (
				EF982C4F13760009009B4B28 /* HBUser.h */,
				EF982C5013760009009B4B28 /* HBUser.m */,
			);
			name = User;
			sourceTree = "<group>";
		};
		EF982C9F1376069F009B4B28 /* ViewControllers */ = {
			isa = PBXGroup;
			children = (
				EF982C3A1375F97F009B4B28 /* HBLoginViewController.h */,
				EF982C3B1375F97F009B4B28 /* HBLoginViewController.m */,
				EF982C3C1375F97F009B4B28 /* HBLoginViewController.xib */,
			);
			name = ViewControllers;
			sourceTree = "<group>";
		};
		EF982CA0137606AD009B4B28 /* Obselete */ = {
			isa = PBXGroup;
			children = (
				28C286DF0D94DF7D0034E888 /* RootViewController.h */,
				28C286E00D94DF7D0034E888 /* RootViewController.m */,
			);
			name = Obselete;
			path = Classes;
			sourceTree = "<group>";
		};
		EF982CA1137606B9009B4B28 /* Service */ = {
			isa = PBXGroup;
			children = (
				EF982C95137603FC009B4B28 /* HBServiceProtocol.h */,
			);
			name = Service;
			sourceTree = "<group>";
		};
		EF982CBC13760824009B4B28 /* RdioService */ = {
			isa = PBXGroup;
			children = (
				EF982CC113760858009B4B28 /* RdioService.h */,
				EF982CC213760858009B4B28 /* RdioService.m */,
			);
			name = RdioService;
			sourceTree = "<group>";
		};
/* End PBXGroup section */

/* Begin PBXNativeTarget section */
		1D6058900D05DD3D006BFB54 /* HeartBeatPort */ = {
			isa = PBXNativeTarget;
			buildConfigurationList = 1D6058960D05DD3E006BFB54 /* Build configuration list for PBXNativeTarget "HeartBeatPort" */;
			buildPhases = (
				1D60588D0D05DD3D006BFB54 /* Resources */,
				1D60588E0D05DD3D006BFB54 /* Sources */,
				1D60588F0D05DD3D006BFB54 /* Frameworks */,
			);
			buildRules = (
			);
			dependencies = (
			);
			name = HeartBeatPort;
			productName = HeartBeatPort;
			productReference = 1D6058910D05DD3D006BFB54 /* HeartBeatPort.app */;
			productType = "com.apple.product-type.application";
		};
/* End PBXNativeTarget section */

/* Begin PBXProject section */
		29B97313FDCFA39411CA2CEA /* Project object */ = {
			isa = PBXProject;
			buildConfigurationList = C01FCF4E08A954540054247B /* Build configuration list for PBXProject "HeartBeatPort" */;
			compatibilityVersion = "Xcode 3.2";
			developmentRegion = English;
			hasScannedForEncodings = 1;
			knownRegions = (
				English,
				Japanese,
				French,
				German,
				en,
			);
			mainGroup = 29B97314FDCFA39411CA2CEA /* CustomTemplate */;
			projectDirPath = "";
			projectRoot = "";
			targets = (
				1D6058900D05DD3D006BFB54 /* HeartBeatPort */,
			);
		};
/* End PBXProject section */

/* Begin PBXResourcesBuildPhase section */
		1D60588D0D05DD3D006BFB54 /* Resources */ = {
			isa = PBXResourcesBuildPhase;
			buildActionMask = 2147483647;
			files = (
				28AD73600D9D9599002E5188 /* MainWindow.xib in Resources */,
				28F335F11007B36200424DE2 /* RootViewController.xib in Resources */,
				EF982C271375F6B6009B4B28 /* HBHomeViewController.xib in Resources */,
				EF982C371375F962009B4B28 /* dummyUser.jpg in Resources */,
				EF982C3E1375F97F009B4B28 /* HBLoginViewController.xib in Resources */,
				BC06E0A41376417A0007E46C /* HBUserViewController.xib in Resources */,
				BC06E0DF13772ACB0007E46C /* map.png in Resources */,
				BC06E106137730B70007E46C /* HBMessageViewController.xib in Resources */,
				BC06E109137731830007E46C /* song_bar_load.png in Resources */,
				EF1ACFBE137747DA004D135F /* Icon.png in Resources */,
				BC06E183137744100007E46C /* loading_screen.png in Resources */,
			);
			runOnlyForDeploymentPostprocessing = 0;
		};
/* End PBXResourcesBuildPhase section */

/* Begin PBXSourcesBuildPhase section */
		1D60588E0D05DD3D006BFB54 /* Sources */ = {
			isa = PBXSourcesBuildPhase;
			buildActionMask = 2147483647;
			files = (
				1D60589B0D05DD56006BFB54 /* main.m in Sources */,
				1D3623260D0F684500981E51 /* HeartBeatPortAppDelegate.m in Sources */,
				28C286E10D94DF7D0034E888 /* RootViewController.m in Sources */,
				EF982C261375F6B6009B4B28 /* HBHomeViewController.m in Sources */,
				EF982C3D1375F97F009B4B28 /* HBLoginViewController.m in Sources */,
				EF982C5113760009009B4B28 /* HBUser.m in Sources */,
				EF982C9A13760596009B4B28 /* HBArtistMatcher.m in Sources */,
				EF982CC313760858009B4B28 /* RdioService.m in Sources */,
				BC06E0A31376417A0007E46C /* HBUserViewController.m in Sources */,
				BC06E105137730B70007E46C /* HBMessageViewController.m in Sources */,
				EF1ACF2813774037004D135F /* NSArray+Extensions.m in Sources */,
			);
			runOnlyForDeploymentPostprocessing = 0;
		};
/* End PBXSourcesBuildPhase section */

/* Begin XCBuildConfiguration section */
		1D6058940D05DD3E006BFB54 /* Debug */ = {
			isa = XCBuildConfiguration;
			buildSettings = {
				ALWAYS_SEARCH_USER_PATHS = NO;
				COPY_PHASE_STRIP = NO;
				FRAMEWORK_SEARCH_PATHS = (
					"$(inherited)",
					"\"$(SRCROOT)\"",
				);
				GCC_DYNAMIC_NO_PIC = NO;
				GCC_OPTIMIZATION_LEVEL = 0;
				GCC_PRECOMPILE_PREFIX_HEADER = YES;
				GCC_PREFIX_HEADER = HeartBeatPort_Prefix.pch;
				INFOPLIST_FILE = "HeartBeatPort-Info.plist";
				PRODUCT_NAME = HeartBeatPort;
			};
			name = Debug;
		};
		1D6058950D05DD3E006BFB54 /* Release */ = {
			isa = XCBuildConfiguration;
			buildSettings = {
				ALWAYS_SEARCH_USER_PATHS = NO;
				COPY_PHASE_STRIP = YES;
				FRAMEWORK_SEARCH_PATHS = (
					"$(inherited)",
					"\"$(SRCROOT)\"",
				);
				GCC_PRECOMPILE_PREFIX_HEADER = YES;
				GCC_PREFIX_HEADER = HeartBeatPort_Prefix.pch;
				INFOPLIST_FILE = "HeartBeatPort-Info.plist";
				PRODUCT_NAME = HeartBeatPort;
				VALIDATE_PRODUCT = YES;
			};
			name = Release;
		};
		C01FCF4F08A954540054247B /* Debug */ = {
			isa = XCBuildConfiguration;
			buildSettings = {
				ARCHS = "$(ARCHS_STANDARD_32_BIT)";
				"CODE_SIGN_IDENTITY[sdk=iphoneos*]" = "iPhone Developer: Arshad Tayyeb (LRXLYYC227)";
				GCC_C_LANGUAGE_STANDARD = c99;
				GCC_WARN_ABOUT_RETURN_TYPE = YES;
				GCC_WARN_UNUSED_VARIABLE = YES;
				OTHER_LDFLAGS = "-all_load";
				PREBINDING = NO;
				"PROVISIONING_PROFILE[sdk=iphoneos*]" = "276BA53E-64E5-4B1F-A567-F47D2C3B290D";
				SDKROOT = iphoneos;
			};
			name = Debug;
		};
		C01FCF5008A954540054247B /* Release */ = {
			isa = XCBuildConfiguration;
			buildSettings = {
				ARCHS = "$(ARCHS_STANDARD_32_BIT)";
				"CODE_SIGN_IDENTITY[sdk=iphoneos*]" = "iPhone Developer: Arshad Tayyeb (LRXLYYC227)";
				GCC_C_LANGUAGE_STANDARD = c99;
				GCC_WARN_ABOUT_RETURN_TYPE = YES;
				GCC_WARN_UNUSED_VARIABLE = YES;
				OTHER_CFLAGS = "-DNS_BLOCK_ASSERTIONS=1";
				OTHER_LDFLAGS = "-all_load";
				PREBINDING = NO;
				"PROVISIONING_PROFILE[sdk=iphoneos*]" = "276BA53E-64E5-4B1F-A567-F47D2C3B290D";
				SDKROOT = iphoneos;
			};
			name = Release;
		};
/* End XCBuildConfiguration section */

/* Begin XCConfigurationList section */
		1D6058960D05DD3E006BFB54 /* Build configuration list for PBXNativeTarget "HeartBeatPort" */ = {
			isa = XCConfigurationList;
			buildConfigurations = (
				1D6058940D05DD3E006BFB54 /* Debug */,
				1D6058950D05DD3E006BFB54 /* Release */,
			);
			defaultConfigurationIsVisible = 0;
			defaultConfigurationName = Release;
		};
		C01FCF4E08A954540054247B /* Build configuration list for PBXProject "HeartBeatPort" */ = {
			isa = XCConfigurationList;
			buildConfigurations = (
				C01FCF4F08A954540054247B /* Debug */,
				C01FCF5008A954540054247B /* Release */,
			);
			defaultConfigurationIsVisible = 0;
			defaultConfigurationName = Release;
		};
/* End XCConfigurationList section */
	};
	rootObject = 29B97313FDCFA39411CA2CEA /* Project object */;
}
